
Microsoft Visual Studio Solution File, Format Version 12.00
# Visual Studio Version 17
VisualStudioVersion = 17.13.35931.197 d17.13
MinimumVisualStudioVersion = 10.0.40219.1
Project("{FAE04EC0-301F-11D3-BF4B-00C04F79EFBC}") = "LR_17_2", "LR_17_2\LR_17_2.csproj", "{A32B70BC-36C3-42AC-B64C-5B70B878D187}"
EndProject
Global
	GlobalSection(SolutionConfigurationPlatforms) = preSolution
		Debug|Any CPU = Debug|Any CPU
		Release|Any CPU = Release|Any CPU
	EndGlobalSection
	GlobalSection(ProjectConfigurationPlatforms) = postSolution
		{A32B70BC-36C3-42AC-B64C-5B70B878D187}.Debug|Any CPU.ActiveCfg = Debug|Any CPU
		{A32B70BC-36C3-42AC-B64C-5B70B878D187}.Debug|Any CPU.Build.0 = Debug|Any CPU
		{A32B70BC-36C3-42AC-B64C-5B70B878D187}.Release|Any CPU.ActiveCfg = Release|Any CPU
		{A32B70BC-36C3-42AC-B64C-5B70B878D187}.Release|Any CPU.Build.0 = Release|Any CPU
	EndGlobalSection
	GlobalSection(SolutionProperties) = preSolution
		HideSolutionNode = FALSE
	EndGlobalSection
	GlobalSection(ExtensibilityGlobals) = postSolution
		SolutionGuid = {004C3644-7A81-4C24-9D8F-E26578668E03}
	EndGlobalSection
EndGlobal
